
Microsoft Visual Studio Solution File, Format Version 12.00
# Visual Studio Version 16
VisualStudioVersion = 16.0.33927.289
MinimumVisualStudioVersion = 10.0.40219.1
Project("{FAE04EC0-301F-11D3-BF4B-00C04F79EFBC}") = "SimpleWebServer", "SimpleWebServer\SimpleWebServer.csproj", "{9871991D-4C55-4561-B70A-1D32E9152AA1}"
EndProject
Global
	GlobalSection(SolutionConfigurationPlatforms) = preSolution
		Debug|Any CPU = Debug|Any CPU
		Release|Any CPU = Release|Any CPU
	EndGlobalSection
	GlobalSection(ProjectConfigurationPlatforms) = postSolution
		{9871991D-4C55-4561-B70A-1D32E9152AA1}.Debug|Any CPU.ActiveCfg = Debug|Any CPU
		{9871991D-4C55-4561-B70A-1D32E9152AA1}.Debug|Any CPU.Build.0 = Debug|Any CPU
		{9871991D-4C55-4561-B70A-1D32E9152AA1}.Release|Any CPU.ActiveCfg = Release|Any CPU
		{9871991D-4C55-4561-B70A-1D32E9152AA1}.Release|Any CPU.Build.0 = Release|Any CPU
	EndGlobalSection
	GlobalSection(SolutionProperties) = preSolution
		HideSolutionNode = FALSE
	EndGlobalSection
	GlobalSection(ExtensibilityGlobals) = postSolution
		SolutionGuid = {682812AE-1CE1-41C1-A824-7C8FBEB640BF}
	EndGlobalSection
EndGlobal
